
Microsoft Visual Studio Solution File, Format Version 12.00
# Visual Studio Version 16
VisualStudioVersion = 16.0.30621.155
MinimumVisualStudioVersion = 10.0.40219.1
Project("{FAE04EC0-301F-11D3-BF4B-00C04F79EFBC}") = "PracticeInterviewQuestions", "PracticeInterviewQuestions.csproj", "{7D5A286F-CC93-483F-A53F-884E4E9F7AB0}"
EndProject
Global
	GlobalSection(SolutionConfigurationPlatforms) = preSolution
		Debug|Any CPU = Debug|Any CPU
		Release|Any CPU = Release|Any CPU
	EndGlobalSection
	GlobalSection(ProjectConfigurationPlatforms) = postSolution
		{7D5A286F-CC93-483F-A53F-884E4E9F7AB0}.Debug|Any CPU.ActiveCfg = Debug|Any CPU
		{7D5A286F-CC93-483F-A53F-884E4E9F7AB0}.Debug|Any CPU.Build.0 = Debug|Any CPU
		{7D5A286F-CC93-483F-A53F-884E4E9F7AB0}.Release|Any CPU.ActiveCfg = Release|Any CPU
		{7D5A286F-CC93-483F-A53F-884E4E9F7AB0}.Release|Any CPU.Build.0 = Release|Any CPU
	EndGlobalSection
	GlobalSection(SolutionProperties) = preSolution
		HideSolutionNode = FALSE
	EndGlobalSection
	GlobalSection(ExtensibilityGlobals) = postSolution
		SolutionGuid = {2484D4D9-CF13-4FD2-ADFB-4043C2FB3334}
	EndGlobalSection
EndGlobal
